<?xml version="1.0" encoding="utf-8"?>
<Project ToolsVersion="4.0" xmlns="http://schemas.microsoft.com/developer/msbuild/2003">
  <ItemGroup>
    <Filter Include="Source Files">
      <UniqueIdentifier>{4FC737F1-C7A5-4376-A066-2A32D752A2FF}</UniqueIdentifier>
      <Extensions>cpp;c;cc;cxx;def;odl;idl;hpj;bat;asm;asmx</Extensions>
    </Filter>
    <Filter Include="Header Files">
      <UniqueIdentifier>{93995380-89BD-4b04-88EB-625FBE52EBFB}</UniqueIdentifier>
      <Extensions>h;hpp;hxx;hm;inl;inc;xsd</Extensions>
    </Filter>
    <Filter Include="Resource Files">
      <UniqueIdentifier>{67DA6AB6-F800-4c08-8B7A-83BB121AAD01}</UniqueIdentifier>
      <Extensions>rc;ico;cur;bmp;dlg;rc2;rct;bin;rgs;gif;jpg;jpeg;jpe;resx;tiff;tif;png;wav;mfcribbon-ms</Extensions>
    </Filter>
    <Filter Include="Mw">
      <UniqueIdentifier>{bda03f42-aac5-44c7-bf5d-82db34139827}</UniqueIdentifier>
    </Filter>
    <Filter Include="Mw\Content">
      <UniqueIdentifier>{21ae04c4-679d-4012-8d29-779698b1ec0a}</UniqueIdentifier>
    </Filter>
    <Filter Include="Mw\Renderer">
      <UniqueIdentifier>{86f69a96-8474-4485-bf41-8ca9e5de2b99}</UniqueIdentifier>
    </Filter>
    <Filter Include="Mw\Types">
      <UniqueIdentifier>{cf6b509f-584c-4d2f-a795-8bd5b8ebdb2a}</UniqueIdentifier>
    </Filter>
    <Filter Include="Mw\GL">
      <UniqueIdentifier>{dc603a65-3cc4-4f90-82eb-f728386f1927}</UniqueIdentifier>
    </Filter>
    <Filter Include="Mw\UI State">
      <UniqueIdentifier>{c55d51bd-6099-4830-a22c-b50518868a2d}</UniqueIdentifier>
    </Filter>
    <Filter Include="Mw\UI State\Nav">
      <UniqueIdentifier>{2db641c1-ae63-46d2-9f81-198d897d7d68}</UniqueIdentifier>
    </Filter>
    <Filter Include="Mw\UI State\Edit">
      <UniqueIdentifier>{05491d61-cd13-4ad2-9202-b0afe6324ef5}</UniqueIdentifier>
    </Filter>
    <Filter Include="Mw\Interfaces">
      <UniqueIdentifier>{f2be3b7e-155e-484b-8e4b-62ad958ac763}</UniqueIdentifier>
    </Filter>
    <Filter Include="Mw\Commands">
      <UniqueIdentifier>{69082143-7e58-45df-98db-1e735147eef1}</UniqueIdentifier>
    </Filter>
    <Filter Include="Mw\Content\Decorator">
      <UniqueIdentifier>{bc5db0ef-bb8a-43a6-b542-11bce56a23c3}</UniqueIdentifier>
    </Filter>
  </ItemGroup>
  <ItemGroup>
    <Text Include="ReadMe.txt" />
  </ItemGroup>
  <ItemGroup>
    <ClInclude Include="MwCG.h">
      <Filter>Header Files</Filter>
    </ClInclude>
    <ClInclude Include="stdafx.h">
      <Filter>Header Files</Filter>
    </ClInclude>
    <ClInclude Include="targetver.h">
      <Filter>Header Files</Filter>
    </ClInclude>
    <ClInclude Include="MainFrm.h">
      <Filter>Header Files</Filter>
    </ClInclude>
    <ClInclude Include="ChildFrm.h">
      <Filter>Header Files</Filter>
    </ClInclude>
    <ClInclude Include="MwCGDoc.h">
      <Filter>Header Files</Filter>
    </ClInclude>
    <ClInclude Include="MwCGView.h">
      <Filter>Header Files</Filter>
    </ClInclude>
    <ClInclude Include="Resource.h">
      <Filter>Header Files</Filter>
    </ClInclude>
    <ClInclude Include="FileView.h">
      <Filter>Header Files</Filter>
    </ClInclude>
    <ClInclude Include="ClassView.h">
      <Filter>Header Files</Filter>
    </ClInclude>
    <ClInclude Include="ViewTree.h">
      <Filter>Header Files</Filter>
    </ClInclude>
    <ClInclude Include="OutputWnd.h">
      <Filter>Header Files</Filter>
    </ClInclude>
    <ClInclude Include="CalendarBar.h">
      <Filter>Header Files</Filter>
    </ClInclude>
    <ClInclude Include="MwFlag.h">
      <Filter>Mw</Filter>
    </ClInclude>
    <ClInclude Include="MwGLContent.h">
      <Filter>Mw\Content</Filter>
    </ClInclude>
    <ClInclude Include="MwGLRenderer.h">
      <Filter>Mw\Renderer</Filter>
    </ClInclude>
    <ClInclude Include="mwx.h">
      <Filter>Mw</Filter>
    </ClInclude>
    <ClInclude Include="MwVector2.h">
      <Filter>Mw\Types</Filter>
    </ClInclude>
    <ClInclude Include="MwGLObject.h">
      <Filter>Mw\Types</Filter>
    </ClInclude>
    <ClInclude Include="MwColor.h">
      <Filter>Mw\Types</Filter>
    </ClInclude>
    <ClInclude Include="MwCanvas.h">
      <Filter>Mw\Content</Filter>
    </ClInclude>
    <ClInclude Include="MwLine.h">
      <Filter>Mw\Content</Filter>
    </ClInclude>
    <ClInclude Include="MwPoint.h">
      <Filter>Mw\Content</Filter>
    </ClInclude>
    <ClInclude Include="MwGLElement.h">
      <Filter>Mw\Content</Filter>
    </ClInclude>
    <ClInclude Include="MwSierpinski.h">
      <Filter>Mw\Content</Filter>
    </ClInclude>
    <ClInclude Include="MwRibbonBar.h">
      <Filter>Header Files</Filter>
    </ClInclude>
    <ClInclude Include="GlCmd.h">
      <Filter>Mw\GL</Filter>
    </ClInclude>
    <ClInclude Include="GlColor.h">
      <Filter>Mw\GL</Filter>
    </ClInclude>
    <ClInclude Include="GlVertex.h">
      <Filter>Mw\GL</Filter>
    </ClInclude>
    <ClInclude Include="MwGlScreen.h">
      <Filter>Mw\Content</Filter>
    </ClInclude>
    <ClInclude Include="UiState.h">
      <Filter>Mw\UI State</Filter>
    </ClInclude>
    <ClInclude Include="UiNav.h">
      <Filter>Mw\UI State</Filter>
    </ClInclude>
    <ClInclude Include="UiEdit.h">
      <Filter>Mw\UI State</Filter>
    </ClInclude>
    <ClInclude Include="IDrawable.h">
      <Filter>Mw\Interfaces</Filter>
    </ClInclude>
    <ClInclude Include="IReversible.h">
      <Filter>Mw\Interfaces</Filter>
    </ClInclude>
    <ClInclude Include="IOperation.h">
      <Filter>Mw\Interfaces</Filter>
    </ClInclude>
    <ClInclude Include="UiCreator.h">
      <Filter>Mw\UI State</Filter>
    </ClInclude>
    <ClInclude Include="UiSelector.h">
      <Filter>Mw\UI State</Filter>
    </ClInclude>
    <ClInclude Include="AddElementToContent.h">
      <Filter>Mw\Commands</Filter>
    </ClInclude>
    <ClInclude Include="Rect.h">
      <Filter>Mw\Types</Filter>
    </ClInclude>
    <ClInclude Include="MwMouse.h">
      <Filter>Mw\Content</Filter>
    </ClInclude>
    <ClInclude Include="UiEditorTool.h">
      <Filter>Mw\UI State\Edit</Filter>
    </ClInclude>
    <ClInclude Include="PointTool.h">
      <Filter>Mw\UI State\Edit</Filter>
    </ClInclude>
    <ClInclude Include="LineTool.h">
      <Filter>Mw\UI State\Edit</Filter>
    </ClInclude>
    <ClInclude Include="ContentElementOperation.h">
      <Filter>Mw\Commands</Filter>
    </ClInclude>
    <ClInclude Include="RemoveElementFromContent.h">
      <Filter>Mw\Commands</Filter>
    </ClInclude>
    <ClInclude Include="Decorator.h">
      <Filter>Mw\Content\Decorator</Filter>
    </ClInclude>
    <ClInclude Include="PointDecorator.h">
      <Filter>Mw\Content\Decorator</Filter>
    </ClInclude>
    <ClInclude Include="BoundDecorator.h">
      <Filter>Header Files</Filter>
    </ClInclude>
  </ItemGroup>
  <ItemGroup>
    <ClCompile Include="MwCG.cpp">
      <Filter>Source Files</Filter>
    </ClCompile>
    <ClCompile Include="stdafx.cpp">
      <Filter>Source Files</Filter>
    </ClCompile>
    <ClCompile Include="MainFrm.cpp">
      <Filter>Source Files</Filter>
    </ClCompile>
    <ClCompile Include="ChildFrm.cpp">
      <Filter>Source Files</Filter>
    </ClCompile>
    <ClCompile Include="MwCGDoc.cpp">
      <Filter>Source Files</Filter>
    </ClCompile>
    <ClCompile Include="MwCGView.cpp">
      <Filter>Source Files</Filter>
    </ClCompile>
    <ClCompile Include="FileView.cpp">
      <Filter>Source Files</Filter>
    </ClCompile>
    <ClCompile Include="ClassView.cpp">
      <Filter>Source Files</Filter>
    </ClCompile>
    <ClCompile Include="ViewTree.cpp">
      <Filter>Source Files</Filter>
    </ClCompile>
    <ClCompile Include="OutputWnd.cpp">
      <Filter>Source Files</Filter>
    </ClCompile>
    <ClCompile Include="CalendarBar.cpp">
      <Filter>Source Files</Filter>
    </ClCompile>
    <ClCompile Include="MwGLContent.cpp">
      <Filter>Mw\Content</Filter>
    </ClCompile>
    <ClCompile Include="MwGLRenderer.cpp">
      <Filter>Mw\Renderer</Filter>
    </ClCompile>
    <ClCompile Include="MwVector2.cpp">
      <Filter>Mw\Types</Filter>
    </ClCompile>
    <ClCompile Include="MwGLObject.cpp">
      <Filter>Mw\Types</Filter>
    </ClCompile>
    <ClCompile Include="MwColor.cpp">
      <Filter>Mw\Types</Filter>
    </ClCompile>
    <ClCompile Include="MwCanvas.cpp">
      <Filter>Mw\Content</Filter>
    </ClCompile>
    <ClCompile Include="MwGLElement.cpp">
      <Filter>Mw\Content</Filter>
    </ClCompile>
    <ClCompile Include="MwLine.cpp">
      <Filter>Mw\Content</Filter>
    </ClCompile>
    <ClCompile Include="MwSierpinski.cpp">
      <Filter>Mw\Content</Filter>
    </ClCompile>
    <ClCompile Include="MwPoint.cpp">
      <Filter>Mw\Content</Filter>
    </ClCompile>
    <ClCompile Include="MwRibbonBar.cpp">
      <Filter>Source Files</Filter>
    </ClCompile>
    <ClCompile Include="GlCmd.cpp">
      <Filter>Mw\GL</Filter>
    </ClCompile>
    <ClCompile Include="GlColor.cpp">
      <Filter>Mw\GL</Filter>
    </ClCompile>
    <ClCompile Include="GlVertex.cpp">
      <Filter>Mw\GL</Filter>
    </ClCompile>
    <ClCompile Include="MwGlScreen.cpp">
      <Filter>Mw\Content</Filter>
    </ClCompile>
    <ClCompile Include="UiState.cpp">
      <Filter>Mw\UI State</Filter>
    </ClCompile>
    <ClCompile Include="UiNav.cpp">
      <Filter>Mw\UI State</Filter>
    </ClCompile>
    <ClCompile Include="UiEdit.cpp">
      <Filter>Mw\UI State</Filter>
    </ClCompile>
    <ClCompile Include="UiCreator.cpp">
      <Filter>Mw\UI State</Filter>
    </ClCompile>
    <ClCompile Include="UiSelector.cpp">
      <Filter>Mw\UI State</Filter>
    </ClCompile>
    <ClCompile Include="AddElementToContent.cpp">
      <Filter>Mw\Commands</Filter>
    </ClCompile>
    <ClCompile Include="Rect.cpp">
      <Filter>Mw\Types</Filter>
    </ClCompile>
    <ClCompile Include="MwMouse.cpp">
      <Filter>Mw\Content</Filter>
    </ClCompile>
    <ClCompile Include="UiEditorTool.cpp">
      <Filter>Mw\UI State\Edit</Filter>
    </ClCompile>
    <ClCompile Include="LineTool.cpp">
      <Filter>Mw\UI State\Edit</Filter>
    </ClCompile>
    <ClCompile Include="PointTool.cpp">
      <Filter>Mw\UI State\Edit</Filter>
    </ClCompile>
    <ClCompile Include="ContentElementOperation.cpp">
      <Filter>Mw\Commands</Filter>
    </ClCompile>
    <ClCompile Include="RemoveElementFromContent.cpp">
      <Filter>Mw\Commands</Filter>
    </ClCompile>
    <ClCompile Include="Decorator.cpp">
      <Filter>Mw\Content\Decorator</Filter>
    </ClCompile>
    <ClCompile Include="PointDecorator.cpp">
      <Filter>Mw\Content\Decorator</Filter>
    </ClCompile>
    <ClCompile Include="BoundDecorator.cpp">
      <Filter>Source Files</Filter>
    </ClCompile>
  </ItemGroup>
  <ItemGroup>
    <None Include="MwCG.reg" />
    <None Include="res\ribbon.mfcribbon-ms">
      <Filter>Resource Files</Filter>
    </None>
    <None Include="res\MwCG.rc2">
      <Filter>Resource Files</Filter>
    </None>
  </ItemGroup>
  <ItemGroup>
    <ResourceCompile Include="MwCG.rc">
      <Filter>Resource Files</Filter>
    </ResourceCompile>
  </ItemGroup>
  <ItemGroup>
    <Image Include="res\file_view.ico">
      <Filter>Resource Files</Filter>
    </Image>
    <Image Include="res\file_view_hc.ico">
      <Filter>Resource Files</Filter>
    </Image>
    <Image Include="res\class_view.ico">
      <Filter>Resource Files</Filter>
    </Image>
    <Image Include="res\class_view_hc.ico">
      <Filter>Resource Files</Filter>
    </Image>
    <Image Include="res\fileview.bmp">
      <Filter>Resource Files</Filter>
    </Image>
    <Image Include="res\fileview_hc.bmp">
      <Filter>Resource Files</Filter>
    </Image>
    <Image Include="res\classview.bmp">
      <Filter>Resource Files</Filter>
    </Image>
    <Image Include="res\classview_hc.bmp">
      <Filter>Resource Files</Filter>
    </Image>
    <Image Include="res\explorer.bmp">
      <Filter>Resource Files</Filter>
    </Image>
    <Image Include="res\explorer_hc.bmp">
      <Filter>Resource Files</Filter>
    </Image>
    <Image Include="res\sort.bmp">
      <Filter>Resource Files</Filter>
    </Image>
    <Image Include="res\sort_hc.bmp">
      <Filter>Resource Files</Filter>
    </Image>
    <Image Include="res\menuimages.bmp">
      <Filter>Resource Files</Filter>
    </Image>
    <Image Include="res\menuimages_hc.bmp">
      <Filter>Resource Files</Filter>
    </Image>
    <Image Include="res\output_wnd.ico">
      <Filter>Resource Files</Filter>
    </Image>
    <Image Include="res\output_wnd_hc.ico">
      <Filter>Resource Files</Filter>
    </Image>
    <Image Include="res\nav_large.bmp">
      <Filter>Resource Files</Filter>
    </Image>
    <Image Include="res\nav_large_hc.bmp">
      <Filter>Resource Files</Filter>
    </Image>
    <Image Include="res\pages.bmp">
      <Filter>Resource Files</Filter>
    </Image>
    <Image Include="res\pages_hc.bmp">
      <Filter>Resource Files</Filter>
    </Image>
    <Image Include="res\pages_small.bmp">
      <Filter>Resource Files</Filter>
    </Image>
    <Image Include="res\pages_small_hc.bmp">
      <Filter>Resource Files</Filter>
    </Image>
    <Image Include="res\info.bmp">
      <Filter>Resource Files</Filter>
    </Image>
    <Image Include="res\buttons.bmp">
      <Filter>Resource Files</Filter>
    </Image>
    <Image Include="res\filelarge.bmp">
      <Filter>Resource Files</Filter>
    </Image>
    <Image Include="res\filesmall.bmp">
      <Filter>Resource Files</Filter>
    </Image>
    <Image Include="res\main.bmp">
      <Filter>Resource Files</Filter>
    </Image>
    <Image Include="res\writelarge.bmp">
      <Filter>Resource Files</Filter>
    </Image>
    <Image Include="res\writesmall.bmp">
      <Filter>Resource Files</Filter>
    </Image>
    <Image Include="res\MwCGDoc.ico">
      <Filter>Resource Files</Filter>
    </Image>
    <Image Include="res\MwCG.ico">
      <Filter>Resource Files</Filter>
    </Image>
    <Image Include="res\Toolbar.bmp">
      <Filter>Resource Files</Filter>
    </Image>
    <Image Include="res\Toolbar256.bmp">
      <Filter>Resource Files</Filter>
    </Image>
    <Image Include="res\GLPrimitives.bmp">
      <Filter>Resource Files</Filter>
    </Image>
    <Image Include="res\bitmap2.bmp">
      <Filter>Resource Files</Filter>
    </Image>
  </ItemGroup>
</Project>